
Microsoft Visual Studio Solution File, Format Version 12.00
# Visual Studio Version 17
VisualStudioVersion = 17.12.35707.178
MinimumVisualStudioVersion = 10.0.40219.1
Project("{2150E333-8FDC-42A3-9474-1A3956D46DE8}") = "Lesson_02", "Lesson_02", "{DE0C68C4-97A7-4C2B-A0C8-E2F921413647}"
EndProject
Project("{FAE04EC0-301F-11D3-BF4B-00C04F79EFBC}") = "Task_02_02", "Task_02_02\Task_02_02.csproj", "{8E5C5FA3-BD09-4210-9111-2B718C2E2894}"
EndProject
Project("{FAE04EC0-301F-11D3-BF4B-00C04F79EFBC}") = "Task_02_04", "Task_02_04\Task_02_04.csproj", "{C81D7201-5792-4C1D-BE6A-73C597BBBE63}"
EndProject
Project("{2150E333-8FDC-42A3-9474-1A3956D46DE8}") = "Lesson_03", "Lesson_03", "{476F47AB-4D14-4F62-B542-9E3426D2F2C1}"
EndProject
Project("{FAE04EC0-301F-11D3-BF4B-00C04F79EFBC}") = "Task_03_04", "Task_03_04\Task_03_04.csproj", "{0AD74976-F1A1-4122-810F-E5DA0B45DD7C}"
EndProject
Project("{FAE04EC0-301F-11D3-BF4B-00C04F79EFBC}") = "Task_03_05", "Task_03_05\Task_03_05.csproj", "{64E45F17-5446-44BA-A420-4059F37E20E2}"
EndProject
Project("{FAE04EC0-301F-11D3-BF4B-00C04F79EFBC}") = "Task_03_06", "Task_03_06\Task_03_06.csproj", "{C3CCAC4E-6A35-4607-AA16-2F9C624B711B}"
EndProject
Project("{FAE04EC0-301F-11D3-BF4B-00C04F79EFBC}") = "Task_03_07", "Task_03_07\Task_03_07.csproj", "{2C7D62D2-051D-47BD-BA7D-AFB276067678}"
EndProject
Project("{FAE04EC0-301F-11D3-BF4B-00C04F79EFBC}") = "Task_03_08", "Task_03_08\Task_03_08.csproj", "{2C6DAADC-A371-4814-9516-E7F394CCF0E0}"
EndProject
Project("{FAE04EC0-301F-11D3-BF4B-00C04F79EFBC}") = "Task_03_09", "Task_03_09\Task_03_09.csproj", "{01FB915D-FC25-4F81-8AF5-36A77D618D8D}"
EndProject
Project("{2150E333-8FDC-42A3-9474-1A3956D46DE8}") = "Lesson_04", "Lesson_04", "{0849BD14-AF4D-4939-8A4F-352370D8A800}"
EndProject
Project("{FAE04EC0-301F-11D3-BF4B-00C04F79EFBC}") = "Task_04_05", "Task_04_05\Task_04_05.csproj", "{2C637E2D-8E98-40AB-B530-F2D12DD9FF97}"
EndProject
Project("{FAE04EC0-301F-11D3-BF4B-00C04F79EFBC}") = "Task_04_06", "Task_04_06\Task_04_06.csproj", "{EBDAA327-29CC-4DEB-B4BA-7E3A81CE8AF8}"
EndProject
Project("{FAE04EC0-301F-11D3-BF4B-00C04F79EFBC}") = "Task_04_07", "Task_04_07\Task_04_07.csproj", "{D2F7662E-445A-4C9D-A06A-E619DB050AA0}"
EndProject
Project("{FAE04EC0-301F-11D3-BF4B-00C04F79EFBC}") = "Task_04_08", "Task_04_08\Task_04_08.csproj", "{BAF79050-076A-4554-ADE1-3C2BB5723F53}"
EndProject
Project("{FAE04EC0-301F-11D3-BF4B-00C04F79EFBC}") = "Task_04_09", "Task_04_09\Task_04_09.csproj", "{2ECBFAD3-FFBF-4361-9350-420A03A5B55E}"
EndProject
Project("{FAE04EC0-301F-11D3-BF4B-00C04F79EFBC}") = "Task_04_10", "Task_04_10\Task_04_10.csproj", "{B1047B80-C61E-42FF-8A4B-853AF4F09BB4}"
EndProject
Project("{2150E333-8FDC-42A3-9474-1A3956D46DE8}") = "Lesson_05", "Lesson_05", "{CE12CD9E-4718-4147-AA38-037142BDF63F}"
EndProject
Project("{FAE04EC0-301F-11D3-BF4B-00C04F79EFBC}") = "Task_05_03", "Task_05_03\Task_05_03.csproj", "{DD2AD145-8540-493C-AAD0-359EC669F526}"
EndProject
Project("{FAE04EC0-301F-11D3-BF4B-00C04F79EFBC}") = "Task_05_04", "Task_05_04\Task_05_04.csproj", "{C063C7F3-0875-407A-9278-636A90DBE29B}"
EndProject
Project("{FAE04EC0-301F-11D3-BF4B-00C04F79EFBC}") = "Task_05_05", "Task_05_05\Task_05_05.csproj", "{B2936798-AFD5-4421-BBE9-60B4ABA91AB2}"
EndProject
Project("{FAE04EC0-301F-11D3-BF4B-00C04F79EFBC}") = "Task_05_06", "Task_05_06\Task_05_06.csproj", "{AD985F7D-2219-4BC9-8347-99C5E7ED2BED}"
EndProject
Project("{FAE04EC0-301F-11D3-BF4B-00C04F79EFBC}") = "task_05_07", "task_05_07\task_05_07.csproj", "{AE01501D-CDF0-4C5F-BE16-22B307A6DBC3}"
EndProject
Project("{FAE04EC0-301F-11D3-BF4B-00C04F79EFBC}") = "Task_05_08", "Task_05_08\Task_05_08.csproj", "{41D89CC1-E977-4C3A-9603-4BF328325EF9}"
EndProject
Project("{FAE04EC0-301F-11D3-BF4B-00C04F79EFBC}") = "Task_05_09", "Task_05_09\Task_05_09.csproj", "{C1B6B482-ADC5-4477-9CE5-010BE46EFABC}"
EndProject
Project("{2150E333-8FDC-42A3-9474-1A3956D46DE8}") = "Lesson_10", "Lesson_10", "{51A1CE46-05D9-4AF1-B617-9C9E44DA14BC}"
EndProject
Project("{FAE04EC0-301F-11D3-BF4B-00C04F79EFBC}") = "Task_10_06", "Task_10_06\Task_10_06.csproj", "{F9BAD5E9-C9C6-416B-BA28-035BEAA1A647}"
EndProject
Project("{FAE04EC0-301F-11D3-BF4B-00C04F79EFBC}") = "Task_10_07", "Task_10_07\Task_10_07.csproj", "{1D086BC2-7646-4BB3-9273-91363AE15014}"
EndProject
Project("{FAE04EC0-301F-11D3-BF4B-00C04F79EFBC}") = "Task_10_08", "Task_10_08\Task_10_08.csproj", "{C017C484-3513-4F94-BFF1-2ED18DB522E0}"
EndProject
Project("{2150E333-8FDC-42A3-9474-1A3956D46DE8}") = "Lesson_11", "Lesson_11", "{D52EEF0A-74B5-421B-A811-EF984C45A7EC}"
EndProject
Project("{FAE04EC0-301F-11D3-BF4B-00C04F79EFBC}") = "Task_11_01", "Task_11_01\Task_11_01.csproj", "{BA3CCE9E-1F20-46D7-B247-5831BFB0291D}"
EndProject
Project("{FAE04EC0-301F-11D3-BF4B-00C04F79EFBC}") = "Task_11_02", "Task_11_02\Task_11_02.csproj", "{05D55672-E881-4ED0-8DC4-4872990272DE}"
EndProject
Project("{FAE04EC0-301F-11D3-BF4B-00C04F79EFBC}") = "Task_11_03", "Task_11_03\Task_11_03.csproj", "{CB8444E1-147E-4D1F-873E-7B9DA8CC605F}"
EndProject
Project("{FAE04EC0-301F-11D3-BF4B-00C04F79EFBC}") = "Task_11_04", "Task_11_04\Task_11_04.csproj", "{4B995F06-9EFC-4406-9DC7-BBB585F0F21D}"
EndProject
Global
	GlobalSection(SolutionConfigurationPlatforms) = preSolution
		Debug|Any CPU = Debug|Any CPU
		Release|Any CPU = Release|Any CPU
	EndGlobalSection
	GlobalSection(ProjectConfigurationPlatforms) = postSolution
		{8E5C5FA3-BD09-4210-9111-2B718C2E2894}.Debug|Any CPU.ActiveCfg = Debug|Any CPU
		{8E5C5FA3-BD09-4210-9111-2B718C2E2894}.Debug|Any CPU.Build.0 = Debug|Any CPU
		{8E5C5FA3-BD09-4210-9111-2B718C2E2894}.Release|Any CPU.ActiveCfg = Release|Any CPU
		{8E5C5FA3-BD09-4210-9111-2B718C2E2894}.Release|Any CPU.Build.0 = Release|Any CPU
		{C81D7201-5792-4C1D-BE6A-73C597BBBE63}.Debug|Any CPU.ActiveCfg = Debug|Any CPU
		{C81D7201-5792-4C1D-BE6A-73C597BBBE63}.Debug|Any CPU.Build.0 = Debug|Any CPU
		{C81D7201-5792-4C1D-BE6A-73C597BBBE63}.Release|Any CPU.ActiveCfg = Release|Any CPU
		{C81D7201-5792-4C1D-BE6A-73C597BBBE63}.Release|Any CPU.Build.0 = Release|Any CPU
		{0AD74976-F1A1-4122-810F-E5DA0B45DD7C}.Debug|Any CPU.ActiveCfg = Debug|Any CPU
		{0AD74976-F1A1-4122-810F-E5DA0B45DD7C}.Debug|Any CPU.Build.0 = Debug|Any CPU
		{0AD74976-F1A1-4122-810F-E5DA0B45DD7C}.Release|Any CPU.ActiveCfg = Release|Any CPU
		{0AD74976-F1A1-4122-810F-E5DA0B45DD7C}.Release|Any CPU.Build.0 = Release|Any CPU
		{64E45F17-5446-44BA-A420-4059F37E20E2}.Debug|Any CPU.ActiveCfg = Debug|Any CPU
		{64E45F17-5446-44BA-A420-4059F37E20E2}.Debug|Any CPU.Build.0 = Debug|Any CPU
		{64E45F17-5446-44BA-A420-4059F37E20E2}.Release|Any CPU.ActiveCfg = Release|Any CPU
		{64E45F17-5446-44BA-A420-4059F37E20E2}.Release|Any CPU.Build.0 = Release|Any CPU
		{C3CCAC4E-6A35-4607-AA16-2F9C624B711B}.Debug|Any CPU.ActiveCfg = Debug|Any CPU
		{C3CCAC4E-6A35-4607-AA16-2F9C624B711B}.Debug|Any CPU.Build.0 = Debug|Any CPU
		{C3CCAC4E-6A35-4607-AA16-2F9C624B711B}.Release|Any CPU.ActiveCfg = Release|Any CPU
		{C3CCAC4E-6A35-4607-AA16-2F9C624B711B}.Release|Any CPU.Build.0 = Release|Any CPU
		{2C7D62D2-051D-47BD-BA7D-AFB276067678}.Debug|Any CPU.ActiveCfg = Debug|Any CPU
		{2C7D62D2-051D-47BD-BA7D-AFB276067678}.Debug|Any CPU.Build.0 = Debug|Any CPU
		{2C7D62D2-051D-47BD-BA7D-AFB276067678}.Release|Any CPU.ActiveCfg = Release|Any CPU
		{2C7D62D2-051D-47BD-BA7D-AFB276067678}.Release|Any CPU.Build.0 = Release|Any CPU
		{2C6DAADC-A371-4814-9516-E7F394CCF0E0}.Debug|Any CPU.ActiveCfg = Debug|Any CPU
		{2C6DAADC-A371-4814-9516-E7F394CCF0E0}.Debug|Any CPU.Build.0 = Debug|Any CPU
		{2C6DAADC-A371-4814-9516-E7F394CCF0E0}.Release|Any CPU.ActiveCfg = Release|Any CPU
		{2C6DAADC-A371-4814-9516-E7F394CCF0E0}.Release|Any CPU.Build.0 = Release|Any CPU
		{01FB915D-FC25-4F81-8AF5-36A77D618D8D}.Debug|Any CPU.ActiveCfg = Debug|Any CPU
		{01FB915D-FC25-4F81-8AF5-36A77D618D8D}.Debug|Any CPU.Build.0 = Debug|Any CPU
		{01FB915D-FC25-4F81-8AF5-36A77D618D8D}.Release|Any CPU.ActiveCfg = Release|Any CPU
		{01FB915D-FC25-4F81-8AF5-36A77D618D8D}.Release|Any CPU.Build.0 = Release|Any CPU
		{2C637E2D-8E98-40AB-B530-F2D12DD9FF97}.Debug|Any CPU.ActiveCfg = Debug|Any CPU
		{2C637E2D-8E98-40AB-B530-F2D12DD9FF97}.Debug|Any CPU.Build.0 = Debug|Any CPU
		{2C637E2D-8E98-40AB-B530-F2D12DD9FF97}.Release|Any CPU.ActiveCfg = Release|Any CPU
		{2C637E2D-8E98-40AB-B530-F2D12DD9FF97}.Release|Any CPU.Build.0 = Release|Any CPU
		{EBDAA327-29CC-4DEB-B4BA-7E3A81CE8AF8}.Debug|Any CPU.ActiveCfg = Debug|Any CPU
		{EBDAA327-29CC-4DEB-B4BA-7E3A81CE8AF8}.Debug|Any CPU.Build.0 = Debug|Any CPU
		{EBDAA327-29CC-4DEB-B4BA-7E3A81CE8AF8}.Release|Any CPU.ActiveCfg = Release|Any CPU
		{EBDAA327-29CC-4DEB-B4BA-7E3A81CE8AF8}.Release|Any CPU.Build.0 = Release|Any CPU
		{D2F7662E-445A-4C9D-A06A-E619DB050AA0}.Debug|Any CPU.ActiveCfg = Debug|Any CPU
		{D2F7662E-445A-4C9D-A06A-E619DB050AA0}.Debug|Any CPU.Build.0 = Debug|Any CPU
		{D2F7662E-445A-4C9D-A06A-E619DB050AA0}.Release|Any CPU.ActiveCfg = Release|Any CPU
		{D2F7662E-445A-4C9D-A06A-E619DB050AA0}.Release|Any CPU.Build.0 = Release|Any CPU
		{BAF79050-076A-4554-ADE1-3C2BB5723F53}.Debug|Any CPU.ActiveCfg = Debug|Any CPU
		{BAF79050-076A-4554-ADE1-3C2BB5723F53}.Debug|Any CPU.Build.0 = Debug|Any CPU
		{BAF79050-076A-4554-ADE1-3C2BB5723F53}.Release|Any CPU.ActiveCfg = Release|Any CPU
		{BAF79050-076A-4554-ADE1-3C2BB5723F53}.Release|Any CPU.Build.0 = Release|Any CPU
		{2ECBFAD3-FFBF-4361-9350-420A03A5B55E}.Debug|Any CPU.ActiveCfg = Debug|Any CPU
		{2ECBFAD3-FFBF-4361-9350-420A03A5B55E}.Debug|Any CPU.Build.0 = Debug|Any CPU
		{2ECBFAD3-FFBF-4361-9350-420A03A5B55E}.Release|Any CPU.ActiveCfg = Release|Any CPU
		{2ECBFAD3-FFBF-4361-9350-420A03A5B55E}.Release|Any CPU.Build.0 = Release|Any CPU
		{B1047B80-C61E-42FF-8A4B-853AF4F09BB4}.Debug|Any CPU.ActiveCfg = Debug|Any CPU
		{B1047B80-C61E-42FF-8A4B-853AF4F09BB4}.Debug|Any CPU.Build.0 = Debug|Any CPU
		{B1047B80-C61E-42FF-8A4B-853AF4F09BB4}.Release|Any CPU.ActiveCfg = Release|Any CPU
		{B1047B80-C61E-42FF-8A4B-853AF4F09BB4}.Release|Any CPU.Build.0 = Release|Any CPU
		{DD2AD145-8540-493C-AAD0-359EC669F526}.Debug|Any CPU.ActiveCfg = Debug|Any CPU
		{DD2AD145-8540-493C-AAD0-359EC669F526}.Debug|Any CPU.Build.0 = Debug|Any CPU
		{DD2AD145-8540-493C-AAD0-359EC669F526}.Release|Any CPU.ActiveCfg = Release|Any CPU
		{DD2AD145-8540-493C-AAD0-359EC669F526}.Release|Any CPU.Build.0 = Release|Any CPU
		{C063C7F3-0875-407A-9278-636A90DBE29B}.Debug|Any CPU.ActiveCfg = Debug|Any CPU
		{C063C7F3-0875-407A-9278-636A90DBE29B}.Debug|Any CPU.Build.0 = Debug|Any CPU
		{C063C7F3-0875-407A-9278-636A90DBE29B}.Release|Any CPU.ActiveCfg = Release|Any CPU
		{C063C7F3-0875-407A-9278-636A90DBE29B}.Release|Any CPU.Build.0 = Release|Any CPU
		{B2936798-AFD5-4421-BBE9-60B4ABA91AB2}.Debug|Any CPU.ActiveCfg = Debug|Any CPU
		{B2936798-AFD5-4421-BBE9-60B4ABA91AB2}.Debug|Any CPU.Build.0 = Debug|Any CPU
		{B2936798-AFD5-4421-BBE9-60B4ABA91AB2}.Release|Any CPU.ActiveCfg = Release|Any CPU
		{B2936798-AFD5-4421-BBE9-60B4ABA91AB2}.Release|Any CPU.Build.0 = Release|Any CPU
		{AD985F7D-2219-4BC9-8347-99C5E7ED2BED}.Debug|Any CPU.ActiveCfg = Debug|Any CPU
		{AD985F7D-2219-4BC9-8347-99C5E7ED2BED}.Debug|Any CPU.Build.0 = Debug|Any CPU
		{AD985F7D-2219-4BC9-8347-99C5E7ED2BED}.Release|Any CPU.ActiveCfg = Release|Any CPU
		{AD985F7D-2219-4BC9-8347-99C5E7ED2BED}.Release|Any CPU.Build.0 = Release|Any CPU
		{AE01501D-CDF0-4C5F-BE16-22B307A6DBC3}.Debug|Any CPU.ActiveCfg = Debug|Any CPU
		{AE01501D-CDF0-4C5F-BE16-22B307A6DBC3}.Debug|Any CPU.Build.0 = Debug|Any CPU
		{AE01501D-CDF0-4C5F-BE16-22B307A6DBC3}.Release|Any CPU.ActiveCfg = Release|Any CPU
		{AE01501D-CDF0-4C5F-BE16-22B307A6DBC3}.Release|Any CPU.Build.0 = Release|Any CPU
		{41D89CC1-E977-4C3A-9603-4BF328325EF9}.Debug|Any CPU.ActiveCfg = Debug|Any CPU
		{41D89CC1-E977-4C3A-9603-4BF328325EF9}.Debug|Any CPU.Build.0 = Debug|Any CPU
		{41D89CC1-E977-4C3A-9603-4BF328325EF9}.Release|Any CPU.ActiveCfg = Release|Any CPU
		{41D89CC1-E977-4C3A-9603-4BF328325EF9}.Release|Any CPU.Build.0 = Release|Any CPU
		{C1B6B482-ADC5-4477-9CE5-010BE46EFABC}.Debug|Any CPU.ActiveCfg = Debug|Any CPU
		{C1B6B482-ADC5-4477-9CE5-010BE46EFABC}.Debug|Any CPU.Build.0 = Debug|Any CPU
		{C1B6B482-ADC5-4477-9CE5-010BE46EFABC}.Release|Any CPU.ActiveCfg = Release|Any CPU
		{C1B6B482-ADC5-4477-9CE5-010BE46EFABC}.Release|Any CPU.Build.0 = Release|Any CPU
		{F9BAD5E9-C9C6-416B-BA28-035BEAA1A647}.Debug|Any CPU.ActiveCfg = Debug|Any CPU
		{F9BAD5E9-C9C6-416B-BA28-035BEAA1A647}.Debug|Any CPU.Build.0 = Debug|Any CPU
		{F9BAD5E9-C9C6-416B-BA28-035BEAA1A647}.Release|Any CPU.ActiveCfg = Release|Any CPU
		{F9BAD5E9-C9C6-416B-BA28-035BEAA1A647}.Release|Any CPU.Build.0 = Release|Any CPU
		{1D086BC2-7646-4BB3-9273-91363AE15014}.Debug|Any CPU.ActiveCfg = Debug|Any CPU
		{1D086BC2-7646-4BB3-9273-91363AE15014}.Debug|Any CPU.Build.0 = Debug|Any CPU
		{1D086BC2-7646-4BB3-9273-91363AE15014}.Release|Any CPU.ActiveCfg = Release|Any CPU
		{1D086BC2-7646-4BB3-9273-91363AE15014}.Release|Any CPU.Build.0 = Release|Any CPU
		{C017C484-3513-4F94-BFF1-2ED18DB522E0}.Debug|Any CPU.ActiveCfg = Debug|Any CPU
		{C017C484-3513-4F94-BFF1-2ED18DB522E0}.Debug|Any CPU.Build.0 = Debug|Any CPU
		{C017C484-3513-4F94-BFF1-2ED18DB522E0}.Release|Any CPU.ActiveCfg = Release|Any CPU
		{C017C484-3513-4F94-BFF1-2ED18DB522E0}.Release|Any CPU.Build.0 = Release|Any CPU
		{BA3CCE9E-1F20-46D7-B247-5831BFB0291D}.Debug|Any CPU.ActiveCfg = Debug|Any CPU
		{BA3CCE9E-1F20-46D7-B247-5831BFB0291D}.Debug|Any CPU.Build.0 = Debug|Any CPU
		{BA3CCE9E-1F20-46D7-B247-5831BFB0291D}.Release|Any CPU.ActiveCfg = Release|Any CPU
		{BA3CCE9E-1F20-46D7-B247-5831BFB0291D}.Release|Any CPU.Build.0 = Release|Any CPU
		{05D55672-E881-4ED0-8DC4-4872990272DE}.Debug|Any CPU.ActiveCfg = Debug|Any CPU
		{05D55672-E881-4ED0-8DC4-4872990272DE}.Debug|Any CPU.Build.0 = Debug|Any CPU
		{05D55672-E881-4ED0-8DC4-4872990272DE}.Release|Any CPU.ActiveCfg = Release|Any CPU
		{05D55672-E881-4ED0-8DC4-4872990272DE}.Release|Any CPU.Build.0 = Release|Any CPU
		{CB8444E1-147E-4D1F-873E-7B9DA8CC605F}.Debug|Any CPU.ActiveCfg = Debug|Any CPU
		{CB8444E1-147E-4D1F-873E-7B9DA8CC605F}.Debug|Any CPU.Build.0 = Debug|Any CPU
		{CB8444E1-147E-4D1F-873E-7B9DA8CC605F}.Release|Any CPU.ActiveCfg = Release|Any CPU
		{CB8444E1-147E-4D1F-873E-7B9DA8CC605F}.Release|Any CPU.Build.0 = Release|Any CPU
		{4B995F06-9EFC-4406-9DC7-BBB585F0F21D}.Debug|Any CPU.ActiveCfg = Debug|Any CPU
		{4B995F06-9EFC-4406-9DC7-BBB585F0F21D}.Debug|Any CPU.Build.0 = Debug|Any CPU
		{4B995F06-9EFC-4406-9DC7-BBB585F0F21D}.Release|Any CPU.ActiveCfg = Release|Any CPU
		{4B995F06-9EFC-4406-9DC7-BBB585F0F21D}.Release|Any CPU.Build.0 = Release|Any CPU
	EndGlobalSection
	GlobalSection(SolutionProperties) = preSolution
		HideSolutionNode = FALSE
	EndGlobalSection
	GlobalSection(NestedProjects) = preSolution
		{8E5C5FA3-BD09-4210-9111-2B718C2E2894} = {DE0C68C4-97A7-4C2B-A0C8-E2F921413647}
		{C81D7201-5792-4C1D-BE6A-73C597BBBE63} = {DE0C68C4-97A7-4C2B-A0C8-E2F921413647}
		{0AD74976-F1A1-4122-810F-E5DA0B45DD7C} = {476F47AB-4D14-4F62-B542-9E3426D2F2C1}
		{64E45F17-5446-44BA-A420-4059F37E20E2} = {476F47AB-4D14-4F62-B542-9E3426D2F2C1}
		{C3CCAC4E-6A35-4607-AA16-2F9C624B711B} = {476F47AB-4D14-4F62-B542-9E3426D2F2C1}
		{2C7D62D2-051D-47BD-BA7D-AFB276067678} = {476F47AB-4D14-4F62-B542-9E3426D2F2C1}
		{2C6DAADC-A371-4814-9516-E7F394CCF0E0} = {476F47AB-4D14-4F62-B542-9E3426D2F2C1}
		{01FB915D-FC25-4F81-8AF5-36A77D618D8D} = {476F47AB-4D14-4F62-B542-9E3426D2F2C1}
		{2C637E2D-8E98-40AB-B530-F2D12DD9FF97} = {0849BD14-AF4D-4939-8A4F-352370D8A800}
		{EBDAA327-29CC-4DEB-B4BA-7E3A81CE8AF8} = {0849BD14-AF4D-4939-8A4F-352370D8A800}
		{D2F7662E-445A-4C9D-A06A-E619DB050AA0} = {0849BD14-AF4D-4939-8A4F-352370D8A800}
		{BAF79050-076A-4554-ADE1-3C2BB5723F53} = {0849BD14-AF4D-4939-8A4F-352370D8A800}
		{2ECBFAD3-FFBF-4361-9350-420A03A5B55E} = {0849BD14-AF4D-4939-8A4F-352370D8A800}
		{B1047B80-C61E-42FF-8A4B-853AF4F09BB4} = {0849BD14-AF4D-4939-8A4F-352370D8A800}
		{DD2AD145-8540-493C-AAD0-359EC669F526} = {CE12CD9E-4718-4147-AA38-037142BDF63F}
		{C063C7F3-0875-407A-9278-636A90DBE29B} = {CE12CD9E-4718-4147-AA38-037142BDF63F}
		{B2936798-AFD5-4421-BBE9-60B4ABA91AB2} = {CE12CD9E-4718-4147-AA38-037142BDF63F}
		{AD985F7D-2219-4BC9-8347-99C5E7ED2BED} = {CE12CD9E-4718-4147-AA38-037142BDF63F}
		{AE01501D-CDF0-4C5F-BE16-22B307A6DBC3} = {CE12CD9E-4718-4147-AA38-037142BDF63F}
		{41D89CC1-E977-4C3A-9603-4BF328325EF9} = {CE12CD9E-4718-4147-AA38-037142BDF63F}
		{C1B6B482-ADC5-4477-9CE5-010BE46EFABC} = {CE12CD9E-4718-4147-AA38-037142BDF63F}
		{F9BAD5E9-C9C6-416B-BA28-035BEAA1A647} = {51A1CE46-05D9-4AF1-B617-9C9E44DA14BC}
		{1D086BC2-7646-4BB3-9273-91363AE15014} = {51A1CE46-05D9-4AF1-B617-9C9E44DA14BC}
		{C017C484-3513-4F94-BFF1-2ED18DB522E0} = {51A1CE46-05D9-4AF1-B617-9C9E44DA14BC}
		{BA3CCE9E-1F20-46D7-B247-5831BFB0291D} = {D52EEF0A-74B5-421B-A811-EF984C45A7EC}
		{05D55672-E881-4ED0-8DC4-4872990272DE} = {D52EEF0A-74B5-421B-A811-EF984C45A7EC}
		{CB8444E1-147E-4D1F-873E-7B9DA8CC605F} = {D52EEF0A-74B5-421B-A811-EF984C45A7EC}
		{4B995F06-9EFC-4406-9DC7-BBB585F0F21D} = {D52EEF0A-74B5-421B-A811-EF984C45A7EC}
	EndGlobalSection
EndGlobal
